// !$*UTF8*$!
{
	archiveVersion = 1;
	classes = {
	};
	objectVersion = 56;
	objects = {

/* Begin PBXBuildFile section */
		F4AE29BE2C24B67C00AC2AB9 /* ToDoListApp.swift in Sources */ = {isa = PBXBuildFile; fileRef = F4AE29BD2C24B67C00AC2AB9 /* ToDoListApp.swift */; };
		F4AE29C02C24B67C00AC2AB9 /* MainView.swift in Sources */ = {isa = PBXBuildFile; fileRef = F4AE29BF2C24B67C00AC2AB9 /* MainView.swift */; };
		F4AE29C22C24B67E00AC2AB9 /* Assets.xcassets in Resources */ = {isa = PBXBuildFile; fileRef = F4AE29C12C24B67E00AC2AB9 /* Assets.xcassets */; };
		F4AE29C52C24B67E00AC2AB9 /* Preview Assets.xcassets in Resources */ = {isa = PBXBuildFile; fileRef = F4AE29C42C24B67E00AC2AB9 /* Preview Assets.xcassets */; };
		F4AE29CF2C24B67E00AC2AB9 /* ToDoListTests.swift in Sources */ = {isa = PBXBuildFile; fileRef = F4AE29CE2C24B67E00AC2AB9 /* ToDoListTests.swift */; };
		F4AE29D92C24B67E00AC2AB9 /* ToDoListUITests.swift in Sources */ = {isa = PBXBuildFile; fileRef = F4AE29D82C24B67E00AC2AB9 /* ToDoListUITests.swift */; };
		F4AE29DB2C24B67E00AC2AB9 /* ToDoListUITestsLaunchTests.swift in Sources */ = {isa = PBXBuildFile; fileRef = F4AE29DA2C24B67E00AC2AB9 /* ToDoListUITestsLaunchTests.swift */; };
		F4AE29EA2C24B9AF00AC2AB9 /* GoogleService-Info.plist in Resources */ = {isa = PBXBuildFile; fileRef = F4AE29E92C24B9AF00AC2AB9 /* GoogleService-Info.plist */; };
		F4AE29EE2C24BB1000AC2AB9 /* FirebaseAuth in Frameworks */ = {isa = PBXBuildFile; productRef = F4AE29ED2C24BB1000AC2AB9 /* FirebaseAuth */; };
		F4AE29F02C24BB1900AC2AB9 /* FirebaseFirestore in Frameworks */ = {isa = PBXBuildFile; productRef = F4AE29EF2C24BB1900AC2AB9 /* FirebaseFirestore */; };
		F4AE29F22C24BB2B00AC2AB9 /* FirebaseFirestoreSwift in Frameworks */ = {isa = PBXBuildFile; productRef = F4AE29F12C24BB2B00AC2AB9 /* FirebaseFirestoreSwift */; };
		F4AE29F82C24BFC900AC2AB9 /* ProfileView.swift in Sources */ = {isa = PBXBuildFile; fileRef = F4AE29F72C24BFC900AC2AB9 /* ProfileView.swift */; };
		F4AE29FA2C24BFEE00AC2AB9 /* ToDoListView.swift in Sources */ = {isa = PBXBuildFile; fileRef = F4AE29F92C24BFEE00AC2AB9 /* ToDoListView.swift */; };
		F4AE29FC2C24C01500AC2AB9 /* NewItemsView.swift in Sources */ = {isa = PBXBuildFile; fileRef = F4AE29FB2C24C01500AC2AB9 /* NewItemsView.swift */; };
		F4AE29FE2C24C04500AC2AB9 /* LoginView.swift in Sources */ = {isa = PBXBuildFile; fileRef = F4AE29FD2C24C04500AC2AB9 /* LoginView.swift */; };
		F4AE2A002C24C05D00AC2AB9 /* RegisterView.swift in Sources */ = {isa = PBXBuildFile; fileRef = F4AE29FF2C24C05D00AC2AB9 /* RegisterView.swift */; };
		F4AE2A022C24C0F400AC2AB9 /* ToDoListItemView.swift in Sources */ = {isa = PBXBuildFile; fileRef = F4AE2A012C24C0F400AC2AB9 /* ToDoListItemView.swift */; };
		F4AE2A042C24C13F00AC2AB9 /* User.swift in Sources */ = {isa = PBXBuildFile; fileRef = F4AE2A032C24C13F00AC2AB9 /* User.swift */; };
		F4AE2A062C24C15800AC2AB9 /* ToDoListItem.swift in Sources */ = {isa = PBXBuildFile; fileRef = F4AE2A052C24C15800AC2AB9 /* ToDoListItem.swift */; };
		F4AE2A082C24C1B300AC2AB9 /* MainViewViewModel.swift in Sources */ = {isa = PBXBuildFile; fileRef = F4AE2A072C24C1B300AC2AB9 /* MainViewViewModel.swift */; };
		F4AE2A0A2C24C1C200AC2AB9 /* ProfileViewViewModel.swift in Sources */ = {isa = PBXBuildFile; fileRef = F4AE2A092C24C1C200AC2AB9 /* ProfileViewViewModel.swift */; };
		F4AE2A0C2C24C1D400AC2AB9 /* ToDoListViewViewModel.swift in Sources */ = {isa = PBXBuildFile; fileRef = F4AE2A0B2C24C1D400AC2AB9 /* ToDoListViewViewModel.swift */; };
		F4AE2A0E2C24C1EC00AC2AB9 /* NewItemsViewViewModel.swift in Sources */ = {isa = PBXBuildFile; fileRef = F4AE2A0D2C24C1EC00AC2AB9 /* NewItemsViewViewModel.swift */; };
		F4AE2A102C24C1FA00AC2AB9 /* LoginViewViewModel.swift in Sources */ = {isa = PBXBuildFile; fileRef = F4AE2A0F2C24C1FA00AC2AB9 /* LoginViewViewModel.swift */; };
		F4AE2A122C24C20A00AC2AB9 /* RegisterViewViewModel.swift in Sources */ = {isa = PBXBuildFile; fileRef = F4AE2A112C24C20A00AC2AB9 /* RegisterViewViewModel.swift */; };
		F4AE2A142C24C21D00AC2AB9 /* ToDoListItemViewViewModel.swift in Sources */ = {isa = PBXBuildFile; fileRef = F4AE2A132C24C21D00AC2AB9 /* ToDoListItemViewViewModel.swift */; };
/* End PBXBuildFile section */

/* Begin PBXContainerItemProxy section */
		F4AE29CB2C24B67E00AC2AB9 /* PBXContainerItemProxy */ = {
			isa = PBXContainerItemProxy;
			containerPortal = F4AE29B22C24B67C00AC2AB9 /* Project object */;
			proxyType = 1;
			remoteGlobalIDString = F4AE29B92C24B67C00AC2AB9;
			remoteInfo = ToDoList;
		};
		F4AE29D52C24B67E00AC2AB9 /* PBXContainerItemProxy */ = {
			isa = PBXContainerItemProxy;
			containerPortal = F4AE29B22C24B67C00AC2AB9 /* Project object */;
			proxyType = 1;
			remoteGlobalIDString = F4AE29B92C24B67C00AC2AB9;
			remoteInfo = ToDoList;
		};
/* End PBXContainerItemProxy section */

/* Begin PBXFileReference section */
		F4AE29BA2C24B67C00AC2AB9 /* ToDoList.app */ = {isa = PBXFileReference; explicitFileType = wrapper.application; includeInIndex = 0; path = ToDoList.app; sourceTree = BUILT_PRODUCTS_DIR; };
		F4AE29BD2C24B67C00AC2AB9 /* ToDoListApp.swift */ = {isa = PBXFileReference; lastKnownFileType = sourcecode.swift; path = ToDoListApp.swift; sourceTree = "<group>"; };
		F4AE29BF2C24B67C00AC2AB9 /* MainView.swift */ = {isa = PBXFileReference; lastKnownFileType = sourcecode.swift; path = MainView.swift; sourceTree = "<group>"; };
		F4AE29C12C24B67E00AC2AB9 /* Assets.xcassets */ = {isa = PBXFileReference; lastKnownFileType = folder.assetcatalog; path = Assets.xcassets; sourceTree = "<group>"; };
		F4AE29C42C24B67E00AC2AB9 /* Preview Assets.xcassets */ = {isa = PBXFileReference; lastKnownFileType = folder.assetcatalog; path = "Preview Assets.xcassets"; sourceTree = "<group>"; };
		F4AE29CA2C24B67E00AC2AB9 /* ToDoListTests.xctest */ = {isa = PBXFileReference; explicitFileType = wrapper.cfbundle; includeInIndex = 0; path = ToDoListTests.xctest; sourceTree = BUILT_PRODUCTS_DIR; };
		F4AE29CE2C24B67E00AC2AB9 /* ToDoListTests.swift */ = {isa = PBXFileReference; lastKnownFileType = sourcecode.swift; path = ToDoListTests.swift; sourceTree = "<group>"; };
		F4AE29D42C24B67E00AC2AB9 /* ToDoListUITests.xctest */ = {isa = PBXFileReference; explicitFileType = wrapper.cfbundle; includeInIndex = 0; path = ToDoListUITests.xctest; sourceTree = BUILT_PRODUCTS_DIR; };
		F4AE29D82C24B67E00AC2AB9 /* ToDoListUITests.swift */ = {isa = PBXFileReference; lastKnownFileType = sourcecode.swift; path = ToDoListUITests.swift; sourceTree = "<group>"; };
		F4AE29DA2C24B67E00AC2AB9 /* ToDoListUITestsLaunchTests.swift */ = {isa = PBXFileReference; lastKnownFileType = sourcecode.swift; path = ToDoListUITestsLaunchTests.swift; sourceTree = "<group>"; };
		F4AE29E92C24B9AF00AC2AB9 /* GoogleService-Info.plist */ = {isa = PBXFileReference; fileEncoding = 4; lastKnownFileType = text.plist.xml; name = "GoogleService-Info.plist"; path = "ToDoList/Other/GoogleService-Info.plist"; sourceTree = SOURCE_ROOT; };
		F4AE29F72C24BFC900AC2AB9 /* ProfileView.swift */ = {isa = PBXFileReference; lastKnownFileType = sourcecode.swift; path = ProfileView.swift; sourceTree = "<group>"; };
		F4AE29F92C24BFEE00AC2AB9 /* ToDoListView.swift */ = {isa = PBXFileReference; lastKnownFileType = sourcecode.swift; path = ToDoListView.swift; sourceTree = "<group>"; };
		F4AE29FB2C24C01500AC2AB9 /* NewItemsView.swift */ = {isa = PBXFileReference; lastKnownFileType = sourcecode.swift; path = NewItemsView.swift; sourceTree = "<group>"; };
		F4AE29FD2C24C04500AC2AB9 /* LoginView.swift */ = {isa = PBXFileReference; lastKnownFileType = sourcecode.swift; path = LoginView.swift; sourceTree = "<group>"; };
		F4AE29FF2C24C05D00AC2AB9 /* RegisterView.swift */ = {isa = PBXFileReference; lastKnownFileType = sourcecode.swift; path = RegisterView.swift; sourceTree = "<group>"; };
		F4AE2A012C24C0F400AC2AB9 /* ToDoListItemView.swift */ = {isa = PBXFileReference; lastKnownFileType = sourcecode.swift; path = ToDoListItemView.swift; sourceTree = "<group>"; };
		F4AE2A032C24C13F00AC2AB9 /* User.swift */ = {isa = PBXFileReference; lastKnownFileType = sourcecode.swift; path = User.swift; sourceTree = "<group>"; };
		F4AE2A052C24C15800AC2AB9 /* ToDoListItem.swift */ = {isa = PBXFileReference; lastKnownFileType = sourcecode.swift; path = ToDoListItem.swift; sourceTree = "<group>"; };
		F4AE2A072C24C1B300AC2AB9 /* MainViewViewModel.swift */ = {isa = PBXFileReference; lastKnownFileType = sourcecode.swift; path = MainViewViewModel.swift; sourceTree = "<group>"; };
		F4AE2A092C24C1C200AC2AB9 /* ProfileViewViewModel.swift */ = {isa = PBXFileReference; lastKnownFileType = sourcecode.swift; path = ProfileViewViewModel.swift; sourceTree = "<group>"; };
		F4AE2A0B2C24C1D400AC2AB9 /* ToDoListViewViewModel.swift */ = {isa = PBXFileReference; lastKnownFileType = sourcecode.swift; path = ToDoListViewViewModel.swift; sourceTree = "<group>"; };
		F4AE2A0D2C24C1EC00AC2AB9 /* NewItemsViewViewModel.swift */ = {isa = PBXFileReference; lastKnownFileType = sourcecode.swift; path = NewItemsViewViewModel.swift; sourceTree = "<group>"; };
		F4AE2A0F2C24C1FA00AC2AB9 /* LoginViewViewModel.swift */ = {isa = PBXFileReference; lastKnownFileType = sourcecode.swift; path = LoginViewViewModel.swift; sourceTree = "<group>"; };
		F4AE2A112C24C20A00AC2AB9 /* RegisterViewViewModel.swift */ = {isa = PBXFileReference; lastKnownFileType = sourcecode.swift; path = RegisterViewViewModel.swift; sourceTree = "<group>"; };
		F4AE2A132C24C21D00AC2AB9 /* ToDoListItemViewViewModel.swift */ = {isa = PBXFileReference; lastKnownFileType = sourcecode.swift; path = ToDoListItemViewViewModel.swift; sourceTree = "<group>"; };
/* End PBXFileReference section */

/* Begin PBXFrameworksBuildPhase section */
		F4AE29B72C24B67C00AC2AB9 /* Frameworks */ = {
			isa = PBXFrameworksBuildPhase;
			buildActionMask = 2147483647;
			files = (
				F4AE29EE2C24BB1000AC2AB9 /* FirebaseAuth in Frameworks */,
				F4AE29F02C24BB1900AC2AB9 /* FirebaseFirestore in Frameworks */,
				F4AE29F22C24BB2B00AC2AB9 /* FirebaseFirestoreSwift in Frameworks */,
			);
			runOnlyForDeploymentPostprocessing = 0;
		};
		F4AE29C72C24B67E00AC2AB9 /* Frameworks */ = {
			isa = PBXFrameworksBuildPhase;
			buildActionMask = 2147483647;
			files = (
			);
			runOnlyForDeploymentPostprocessing = 0;
		};
		F4AE29D12C24B67E00AC2AB9 /* Frameworks */ = {
			isa = PBXFrameworksBuildPhase;
			buildActionMask = 2147483647;
			files = (
			);
			runOnlyForDeploymentPostprocessing = 0;
		};
/* End PBXFrameworksBuildPhase section */

/* Begin PBXGroup section */
		F4AE29B12C24B67C00AC2AB9 = {
			isa = PBXGroup;
			children = (
				F4AE29BC2C24B67C00AC2AB9 /* ToDoList */,
				F4AE29CD2C24B67E00AC2AB9 /* ToDoListTests */,
				F4AE29D72C24B67E00AC2AB9 /* ToDoListUITests */,
				F4AE29BB2C24B67C00AC2AB9 /* Products */,
				F4AE29EC2C24BB1000AC2AB9 /* Frameworks */,
			);
			sourceTree = "<group>";
		};
		F4AE29BB2C24B67C00AC2AB9 /* Products */ = {
			isa = PBXGroup;
			children = (
				F4AE29BA2C24B67C00AC2AB9 /* ToDoList.app */,
				F4AE29CA2C24B67E00AC2AB9 /* ToDoListTests.xctest */,
				F4AE29D42C24B67E00AC2AB9 /* ToDoListUITests.xctest */,
			);
			name = Products;
			sourceTree = "<group>";
		};
		F4AE29BC2C24B67C00AC2AB9 /* ToDoList */ = {
			isa = PBXGroup;
			children = (
				F4AE29F62C24BE3F00AC2AB9 /* Other */,
				F4AE29F52C24BE2A00AC2AB9 /* Models */,
				F4AE29F42C24BE1200AC2AB9 /* ViewModels */,
				F4AE29F32C24BE0300AC2AB9 /* Views */,
				F4AE29C32C24B67E00AC2AB9 /* Preview Content */,
			);
			path = ToDoList;
			sourceTree = "<group>";
		};
		F4AE29C32C24B67E00AC2AB9 /* Preview Content */ = {
			isa = PBXGroup;
			children = (
				F4AE29C42C24B67E00AC2AB9 /* Preview Assets.xcassets */,
			);
			path = "Preview Content";
			sourceTree = "<group>";
		};
		F4AE29CD2C24B67E00AC2AB9 /* ToDoListTests */ = {
			isa = PBXGroup;
			children = (
				F4AE29CE2C24B67E00AC2AB9 /* ToDoListTests.swift */,
			);
			path = ToDoListTests;
			sourceTree = "<group>";
		};
		F4AE29D72C24B67E00AC2AB9 /* ToDoListUITests */ = {
			isa = PBXGroup;
			children = (
				F4AE29D82C24B67E00AC2AB9 /* ToDoListUITests.swift */,
				F4AE29DA2C24B67E00AC2AB9 /* ToDoListUITestsLaunchTests.swift */,
			);
			path = ToDoListUITests;
			sourceTree = "<group>";
		};
		F4AE29EC2C24BB1000AC2AB9 /* Frameworks */ = {
			isa = PBXGroup;
			children = (
			);
			name = Frameworks;
			sourceTree = "<group>";
		};
		F4AE29F32C24BE0300AC2AB9 /* Views */ = {
			isa = PBXGroup;
			children = (
				F4AE29BF2C24B67C00AC2AB9 /* MainView.swift */,
				F4AE29F72C24BFC900AC2AB9 /* ProfileView.swift */,
				F4AE29F92C24BFEE00AC2AB9 /* ToDoListView.swift */,
				F4AE29FB2C24C01500AC2AB9 /* NewItemsView.swift */,
				F4AE29FD2C24C04500AC2AB9 /* LoginView.swift */,
				F4AE29FF2C24C05D00AC2AB9 /* RegisterView.swift */,
				F4AE2A012C24C0F400AC2AB9 /* ToDoListItemView.swift */,
			);
			path = Views;
			sourceTree = "<group>";
		};
		F4AE29F42C24BE1200AC2AB9 /* ViewModels */ = {
			isa = PBXGroup;
			children = (
				F4AE2A072C24C1B300AC2AB9 /* MainViewViewModel.swift */,
				F4AE2A092C24C1C200AC2AB9 /* ProfileViewViewModel.swift */,
				F4AE2A0B2C24C1D400AC2AB9 /* ToDoListViewViewModel.swift */,
				F4AE2A0D2C24C1EC00AC2AB9 /* NewItemsViewViewModel.swift */,
				F4AE2A0F2C24C1FA00AC2AB9 /* LoginViewViewModel.swift */,
				F4AE2A112C24C20A00AC2AB9 /* RegisterViewViewModel.swift */,
				F4AE2A132C24C21D00AC2AB9 /* ToDoListItemViewViewModel.swift */,
			);
			path = ViewModels;
			sourceTree = "<group>";
		};
		F4AE29F52C24BE2A00AC2AB9 /* Models */ = {
			isa = PBXGroup;
			children = (
				F4AE2A032C24C13F00AC2AB9 /* User.swift */,
				F4AE2A052C24C15800AC2AB9 /* ToDoListItem.swift */,
			);
			path = Models;
			sourceTree = "<group>";
		};
		F4AE29F62C24BE3F00AC2AB9 /* Other */ = {
			isa = PBXGroup;
			children = (
				F4AE29C12C24B67E00AC2AB9 /* Assets.xcassets */,
				F4AE29BD2C24B67C00AC2AB9 /* ToDoListApp.swift */,
				F4AE29E92C24B9AF00AC2AB9 /* GoogleService-Info.plist */,
			);
			path = Other;
			sourceTree = "<group>";
		};
/* End PBXGroup section */

/* Begin PBXNativeTarget section */
		F4AE29B92C24B67C00AC2AB9 /* ToDoList */ = {
			isa = PBXNativeTarget;
			buildConfigurationList = F4AE29DE2C24B67E00AC2AB9 /* Build configuration list for PBXNativeTarget "ToDoList" */;
			buildPhases = (
				F4AE29B62C24B67C00AC2AB9 /* Sources */,
				F4AE29B72C24B67C00AC2AB9 /* Frameworks */,
				F4AE29B82C24B67C00AC2AB9 /* Resources */,
			);
			buildRules = (
			);
			dependencies = (
			);
			name = ToDoList;
			packageProductDependencies = (
				F4AE29ED2C24BB1000AC2AB9 /* FirebaseAuth */,
				F4AE29EF2C24BB1900AC2AB9 /* FirebaseFirestore */,
				F4AE29F12C24BB2B00AC2AB9 /* FirebaseFirestoreSwift */,
			);
			productName = ToDoList;
			productReference = F4AE29BA2C24B67C00AC2AB9 /* ToDoList.app */;
			productType = "com.apple.product-type.application";
		};
		F4AE29C92C24B67E00AC2AB9 /* ToDoListTests */ = {
			isa = PBXNativeTarget;
			buildConfigurationList = F4AE29E12C24B67E00AC2AB9 /* Build configuration list for PBXNativeTarget "ToDoListTests" */;
			buildPhases = (
				F4AE29C62C24B67E00AC2AB9 /* Sources */,
				F4AE29C72C24B67E00AC2AB9 /* Frameworks */,
				F4AE29C82C24B67E00AC2AB9 /* Resources */,
			);
			buildRules = (
			);
			dependencies = (
				F4AE29CC2C24B67E00AC2AB9 /* PBXTargetDependency */,
			);
			name = ToDoListTests;
			productName = ToDoListTests;
			productReference = F4AE29CA2C24B67E00AC2AB9 /* ToDoListTests.xctest */;
			productType = "com.apple.product-type.bundle.unit-test";
		};
		F4AE29D32C24B67E00AC2AB9 /* ToDoListUITests */ = {
			isa = PBXNativeTarget;
			buildConfigurationList = F4AE29E42C24B67E00AC2AB9 /* Build configuration list for PBXNativeTarget "ToDoListUITests" */;
			buildPhases = (
				F4AE29D02C24B67E00AC2AB9 /* Sources */,
				F4AE29D12C24B67E00AC2AB9 /* Frameworks */,
				F4AE29D22C24B67E00AC2AB9 /* Resources */,
			);
			buildRules = (
			);
			dependencies = (
				F4AE29D62C24B67E00AC2AB9 /* PBXTargetDependency */,
			);
			name = ToDoListUITests;
			productName = ToDoListUITests;
			productReference = F4AE29D42C24B67E00AC2AB9 /* ToDoListUITests.xctest */;
			productType = "com.apple.product-type.bundle.ui-testing";
		};
/* End PBXNativeTarget section */

/* Begin PBXProject section */
		F4AE29B22C24B67C00AC2AB9 /* Project object */ = {
			isa = PBXProject;
			attributes = {
				BuildIndependentTargetsInParallel = 1;
				LastSwiftUpdateCheck = 1540;
				LastUpgradeCheck = 1540;
				TargetAttributes = {
					F4AE29B92C24B67C00AC2AB9 = {
						CreatedOnToolsVersion = 15.4;
					};
					F4AE29C92C24B67E00AC2AB9 = {
						CreatedOnToolsVersion = 15.4;
						TestTargetID = F4AE29B92C24B67C00AC2AB9;
					};
					F4AE29D32C24B67E00AC2AB9 = {
						CreatedOnToolsVersion = 15.4;
						TestTargetID = F4AE29B92C24B67C00AC2AB9;
					};
				};
			};
			buildConfigurationList = F4AE29B52C24B67C00AC2AB9 /* Build configuration list for PBXProject "ToDoList" */;
			compatibilityVersion = "Xcode 14.0";
			developmentRegion = en;
			hasScannedForEncodings = 0;
			knownRegions = (
				en,
				Base,
			);
			mainGroup = F4AE29B12C24B67C00AC2AB9;
			packageReferences = (
				F4AE29EB2C24BA6F00AC2AB9 /* XCRemoteSwiftPackageReference "firebase-ios-sdk" */,
			);
			productRefGroup = F4AE29BB2C24B67C00AC2AB9 /* Products */;
			projectDirPath = "";
			projectRoot = "";
			targets = (
				F4AE29B92C24B67C00AC2AB9 /* ToDoList */,
				F4AE29C92C24B67E00AC2AB9 /* ToDoListTests */,
				F4AE29D32C24B67E00AC2AB9 /* ToDoListUITests */,
			);
		};
/* End PBXProject section */

/* Begin PBXResourcesBuildPhase section */
		F4AE29B82C24B67C00AC2AB9 /* Resources */ = {
			isa = PBXResourcesBuildPhase;
			buildActionMask = 2147483647;
			files = (
				F4AE29C52C24B67E00AC2AB9 /* Preview Assets.xcassets in Resources */,
				F4AE29C22C24B67E00AC2AB9 /* Assets.xcassets in Resources */,
				F4AE29EA2C24B9AF00AC2AB9 /* GoogleService-Info.plist in Resources */,
			);
			runOnlyForDeploymentPostprocessing = 0;
		};
		F4AE29C82C24B67E00AC2AB9 /* Resources */ = {
			isa = PBXResourcesBuildPhase;
			buildActionMask = 2147483647;
			files = (
			);
			runOnlyForDeploymentPostprocessing = 0;
		};
		F4AE29D22C24B67E00AC2AB9 /* Resources */ = {
			isa = PBXResourcesBuildPhase;
			buildActionMask = 2147483647;
			files = (
			);
			runOnlyForDeploymentPostprocessing = 0;
		};
/* End PBXResourcesBuildPhase section */

/* Begin PBXSourcesBuildPhase section */
		F4AE29B62C24B67C00AC2AB9 /* Sources */ = {
			isa = PBXSourcesBuildPhase;
			buildActionMask = 2147483647;
			files = (
				F4AE29FE2C24C04500AC2AB9 /* LoginView.swift in Sources */,
				F4AE29C02C24B67C00AC2AB9 /* MainView.swift in Sources */,
				F4AE2A122C24C20A00AC2AB9 /* RegisterViewViewModel.swift in Sources */,
				F4AE2A082C24C1B300AC2AB9 /* MainViewViewModel.swift in Sources */,
				F4AE29FC2C24C01500AC2AB9 /* NewItemsView.swift in Sources */,
				F4AE2A002C24C05D00AC2AB9 /* RegisterView.swift in Sources */,
				F4AE2A0A2C24C1C200AC2AB9 /* ProfileViewViewModel.swift in Sources */,
				F4AE29FA2C24BFEE00AC2AB9 /* ToDoListView.swift in Sources */,
				F4AE2A042C24C13F00AC2AB9 /* User.swift in Sources */,
				F4AE2A022C24C0F400AC2AB9 /* ToDoListItemView.swift in Sources */,
				F4AE2A0C2C24C1D400AC2AB9 /* ToDoListViewViewModel.swift in Sources */,
				F4AE2A102C24C1FA00AC2AB9 /* LoginViewViewModel.swift in Sources */,
				F4AE29F82C24BFC900AC2AB9 /* ProfileView.swift in Sources */,
				F4AE2A062C24C15800AC2AB9 /* ToDoListItem.swift in Sources */,
				F4AE29BE2C24B67C00AC2AB9 /* ToDoListApp.swift in Sources */,
				F4AE2A0E2C24C1EC00AC2AB9 /* NewItemsViewViewModel.swift in Sources */,
				F4AE2A142C24C21D00AC2AB9 /* ToDoListItemViewViewModel.swift in Sources */,
			);
			runOnlyForDeploymentPostprocessing = 0;
		};
		F4AE29C62C24B67E00AC2AB9 /* Sources */ = {
			isa = PBXSourcesBuildPhase;
			buildActionMask = 2147483647;
			files = (
				F4AE29CF2C24B67E00AC2AB9 /* ToDoListTests.swift in Sources */,
			);
			runOnlyForDeploymentPostprocessing = 0;
		};
		F4AE29D02C24B67E00AC2AB9 /* Sources */ = {
			isa = PBXSourcesBuildPhase;
			buildActionMask = 2147483647;
			files = (
				F4AE29DB2C24B67E00AC2AB9 /* ToDoListUITestsLaunchTests.swift in Sources */,
				F4AE29D92C24B67E00AC2AB9 /* ToDoListUITests.swift in Sources */,
			);
			runOnlyForDeploymentPostprocessing = 0;
		};
/* End PBXSourcesBuildPhase section */

/* Begin PBXTargetDependency section */
		F4AE29CC2C24B67E00AC2AB9 /* PBXTargetDependency */ = {
			isa = PBXTargetDependency;
			target = F4AE29B92C24B67C00AC2AB9 /* ToDoList */;
			targetProxy = F4AE29CB2C24B67E00AC2AB9 /* PBXContainerItemProxy */;
		};
		F4AE29D62C24B67E00AC2AB9 /* PBXTargetDependency */ = {
			isa = PBXTargetDependency;
			target = F4AE29B92C24B67C00AC2AB9 /* ToDoList */;
			targetProxy = F4AE29D52C24B67E00AC2AB9 /* PBXContainerItemProxy */;
		};
/* End PBXTargetDependency section */

/* Begin XCBuildConfiguration section */
		F4AE29DC2C24B67E00AC2AB9 /* Debug */ = {
			isa = XCBuildConfiguration;
			buildSettings = {
				ALWAYS_SEARCH_USER_PATHS = NO;
				ASSETCATALOG_COMPILER_GENERATE_SWIFT_ASSET_SYMBOL_EXTENSIONS = YES;
				CLANG_ANALYZER_NONNULL = YES;
				CLANG_ANALYZER_NUMBER_OBJECT_CONVERSION = YES_AGGRESSIVE;
				CLANG_CXX_LANGUAGE_STANDARD = "gnu++20";
				CLANG_ENABLE_MODULES = YES;
				CLANG_ENABLE_OBJC_ARC = YES;
				CLANG_ENABLE_OBJC_WEAK = YES;
				CLANG_WARN_BLOCK_CAPTURE_AUTORELEASING = YES;
				CLANG_WARN_BOOL_CONVERSION = YES;
				CLANG_WARN_COMMA = YES;
				CLANG_WARN_CONSTANT_CONVERSION = YES;
				CLANG_WARN_DEPRECATED_OBJC_IMPLEMENTATIONS = YES;
				CLANG_WARN_DIRECT_OBJC_ISA_USAGE = YES_ERROR;
				CLANG_WARN_DOCUMENTATION_COMMENTS = YES;
				CLANG_WARN_EMPTY_BODY = YES;
				CLANG_WARN_ENUM_CONVERSION = YES;
				CLANG_WARN_INFINITE_RECURSION = YES;
				CLANG_WARN_INT_CONVERSION = YES;
				CLANG_WARN_NON_LITERAL_NULL_CONVERSION = YES;
				CLANG_WARN_OBJC_IMPLICIT_RETAIN_SELF = YES;
				CLANG_WARN_OBJC_LITERAL_CONVERSION = YES;
				CLANG_WARN_OBJC_ROOT_CLASS = YES_ERROR;
				CLANG_WARN_QUOTED_INCLUDE_IN_FRAMEWORK_HEADER = YES;
				CLANG_WARN_RANGE_LOOP_ANALYSIS = YES;
				CLANG_WARN_STRICT_PROTOTYPES = YES;
				CLANG_WARN_SUSPICIOUS_MOVE = YES;
				CLANG_WARN_UNGUARDED_AVAILABILITY = YES_AGGRESSIVE;
				CLANG_WARN_UNREACHABLE_CODE = YES;
				CLANG_WARN__DUPLICATE_METHOD_MATCH = YES;
				COPY_PHASE_STRIP = NO;
				DEBUG_INFORMATION_FORMAT = dwarf;
				ENABLE_STRICT_OBJC_MSGSEND = YES;
				ENABLE_TESTABILITY = YES;
				ENABLE_USER_SCRIPT_SANDBOXING = YES;
				GCC_C_LANGUAGE_STANDARD = gnu17;
				GCC_DYNAMIC_NO_PIC = NO;
				GCC_NO_COMMON_BLOCKS = YES;
				GCC_OPTIMIZATION_LEVEL = 0;
				GCC_PREPROCESSOR_DEFINITIONS = (
					"DEBUG=1",
					"$(inherited)",
				);
				GCC_WARN_64_TO_32_BIT_CONVERSION = YES;
				GCC_WARN_ABOUT_RETURN_TYPE = YES_ERROR;
				GCC_WARN_UNDECLARED_SELECTOR = YES;
				GCC_WARN_UNINITIALIZED_AUTOS = YES_AGGRESSIVE;
				GCC_WARN_UNUSED_FUNCTION = YES;
				GCC_WARN_UNUSED_VARIABLE = YES;
				IPHONEOS_DEPLOYMENT_TARGET = 17.5;
				LOCALIZATION_PREFERS_STRING_CATALOGS = YES;
				MTL_ENABLE_DEBUG_INFO = INCLUDE_SOURCE;
				MTL_FAST_MATH = YES;
				ONLY_ACTIVE_ARCH = YES;
				SDKROOT = iphoneos;
				SWIFT_ACTIVE_COMPILATION_CONDITIONS = "DEBUG $(inherited)";
				SWIFT_OPTIMIZATION_LEVEL = "-Onone";
			};
			name = Debug;
		};
		F4AE29DD2C24B67E00AC2AB9 /* Release */ = {
			isa = XCBuildConfiguration;
			buildSettings = {
				ALWAYS_SEARCH_USER_PATHS = NO;
				ASSETCATALOG_COMPILER_GENERATE_SWIFT_ASSET_SYMBOL_EXTENSIONS = YES;
				CLANG_ANALYZER_NONNULL = YES;
				CLANG_ANALYZER_NUMBER_OBJECT_CONVERSION = YES_AGGRESSIVE;
				CLANG_CXX_LANGUAGE_STANDARD = "gnu++20";
				CLANG_ENABLE_MODULES = YES;
				CLANG_ENABLE_OBJC_ARC = YES;
				CLANG_ENABLE_OBJC_WEAK = YES;
				CLANG_WARN_BLOCK_CAPTURE_AUTORELEASING = YES;
				CLANG_WARN_BOOL_CONVERSION = YES;
				CLANG_WARN_COMMA = YES;
				CLANG_WARN_CONSTANT_CONVERSION = YES;
				CLANG_WARN_DEPRECATED_OBJC_IMPLEMENTATIONS = YES;
				CLANG_WARN_DIRECT_OBJC_ISA_USAGE = YES_ERROR;
				CLANG_WARN_DOCUMENTATION_COMMENTS = YES;
				CLANG_WARN_EMPTY_BODY = YES;
				CLANG_WARN_ENUM_CONVERSION = YES;
				CLANG_WARN_INFINITE_RECURSION = YES;
				CLANG_WARN_INT_CONVERSION = YES;
				CLANG_WARN_NON_LITERAL_NULL_CONVERSION = YES;
				CLANG_WARN_OBJC_IMPLICIT_RETAIN_SELF = YES;
				CLANG_WARN_OBJC_LITERAL_CONVERSION = YES;
				CLANG_WARN_OBJC_ROOT_CLASS = YES_ERROR;
				CLANG_WARN_QUOTED_INCLUDE_IN_FRAMEWORK_HEADER = YES;
				CLANG_WARN_RANGE_LOOP_ANALYSIS = YES;
				CLANG_WARN_STRICT_PROTOTYPES = YES;
				CLANG_WARN_SUSPICIOUS_MOVE = YES;
				CLANG_WARN_UNGUARDED_AVAILABILITY = YES_AGGRESSIVE;
				CLANG_WARN_UNREACHABLE_CODE = YES;
				CLANG_WARN__DUPLICATE_METHOD_MATCH = YES;
				COPY_PHASE_STRIP = NO;
				DEBUG_INFORMATION_FORMAT = "dwarf-with-dsym";
				ENABLE_NS_ASSERTIONS = NO;
				ENABLE_STRICT_OBJC_MSGSEND = YES;
				ENABLE_USER_SCRIPT_SANDBOXING = YES;
				GCC_C_LANGUAGE_STANDARD = gnu17;
				GCC_NO_COMMON_BLOCKS = YES;
				GCC_WARN_64_TO_32_BIT_CONVERSION = YES;
				GCC_WARN_ABOUT_RETURN_TYPE = YES_ERROR;
				GCC_WARN_UNDECLARED_SELECTOR = YES;
				GCC_WARN_UNINITIALIZED_AUTOS = YES_AGGRESSIVE;
				GCC_WARN_UNUSED_FUNCTION = YES;
				GCC_WARN_UNUSED_VARIABLE = YES;
				IPHONEOS_DEPLOYMENT_TARGET = 17.5;
				LOCALIZATION_PREFERS_STRING_CATALOGS = YES;
				MTL_ENABLE_DEBUG_INFO = NO;
				MTL_FAST_MATH = YES;
				SDKROOT = iphoneos;
				SWIFT_COMPILATION_MODE = wholemodule;
				VALIDATE_PRODUCT = YES;
			};
			name = Release;
		};
		F4AE29DF2C24B67E00AC2AB9 /* Debug */ = {
			isa = XCBuildConfiguration;
			buildSettings = {
				ASSETCATALOG_COMPILER_APPICON_NAME = AppIcon;
				ASSETCATALOG_COMPILER_GLOBAL_ACCENT_COLOR_NAME = AccentColor;
				CODE_SIGN_STYLE = Automatic;
				CURRENT_PROJECT_VERSION = 1;
				DEVELOPMENT_ASSET_PATHS = "\"ToDoList/Preview Content\"";
				DEVELOPMENT_TEAM = 3CN8SADB4A;
				ENABLE_PREVIEWS = YES;
				GENERATE_INFOPLIST_FILE = YES;
				INFOPLIST_KEY_CFBundleDisplayName = "To Do List";
				INFOPLIST_KEY_UIApplicationSceneManifest_Generation = YES;
				INFOPLIST_KEY_UIApplicationSupportsIndirectInputEvents = YES;
				INFOPLIST_KEY_UILaunchScreen_Generation = YES;
				INFOPLIST_KEY_UISupportedInterfaceOrientations = UIInterfaceOrientationPortrait;
				LD_RUNPATH_SEARCH_PATHS = (
					"$(inherited)",
					"@executable_path/Frameworks",
				);
				MARKETING_VERSION = 1.0;
				PRODUCT_BUNDLE_IDENTIFIER = com.wygs.ToDoList;
				PRODUCT_NAME = "$(TARGET_NAME)";
				SWIFT_EMIT_LOC_STRINGS = YES;
				SWIFT_VERSION = 5.0;
				TARGETED_DEVICE_FAMILY = "1,2";
			};
			name = Debug;
		};
		F4AE29E02C24B67E00AC2AB9 /* Release */ = {
			isa = XCBuildConfiguration;
			buildSettings = {
				ASSETCATALOG_COMPILER_APPICON_NAME = AppIcon;
				ASSETCATALOG_COMPILER_GLOBAL_ACCENT_COLOR_NAME = AccentColor;
				CODE_SIGN_STYLE = Automatic;
				CURRENT_PROJECT_VERSION = 1;
				DEVELOPMENT_ASSET_PATHS = "\"ToDoList/Preview Content\"";
				DEVELOPMENT_TEAM = 3CN8SADB4A;
				ENABLE_PREVIEWS = YES;
				GENERATE_INFOPLIST_FILE = YES;
				INFOPLIST_KEY_CFBundleDisplayName = "To Do List";
				INFOPLIST_KEY_UIApplicationSceneManifest_Generation = YES;
				INFOPLIST_KEY_UIApplicationSupportsIndirectInputEvents = YES;
				INFOPLIST_KEY_UILaunchScreen_Generation = YES;
				INFOPLIST_KEY_UISupportedInterfaceOrientations = UIInterfaceOrientationPortrait;
				LD_RUNPATH_SEARCH_PATHS = (
					"$(inherited)",
					"@executable_path/Frameworks",
				);
				MARKETING_VERSION = 1.0;
				PRODUCT_BUNDLE_IDENTIFIER = com.wygs.ToDoList;
				PRODUCT_NAME = "$(TARGET_NAME)";
				SWIFT_EMIT_LOC_STRINGS = YES;
				SWIFT_VERSION = 5.0;
				TARGETED_DEVICE_FAMILY = "1,2";
			};
			name = Release;
		};
		F4AE29E22C24B67E00AC2AB9 /* Debug */ = {
			isa = XCBuildConfiguration;
			buildSettings = {
				ALWAYS_EMBED_SWIFT_STANDARD_LIBRARIES = YES;
				BUNDLE_LOADER = "$(TEST_HOST)";
				CODE_SIGN_STYLE = Automatic;
				CURRENT_PROJECT_VERSION = 1;
				DEVELOPMENT_TEAM = 3CN8SADB4A;
				GENERATE_INFOPLIST_FILE = YES;
				IPHONEOS_DEPLOYMENT_TARGET = 17.5;
				MARKETING_VERSION = 1.0;
				PRODUCT_BUNDLE_IDENTIFIER = com.wygs.ToDoListTests;
				PRODUCT_NAME = "$(TARGET_NAME)";
				SWIFT_EMIT_LOC_STRINGS = NO;
				SWIFT_VERSION = 5.0;
				TARGETED_DEVICE_FAMILY = "1,2";
				TEST_HOST = "$(BUILT_PRODUCTS_DIR)/ToDoList.app/$(BUNDLE_EXECUTABLE_FOLDER_PATH)/ToDoList";
			};
			name = Debug;
		};
		F4AE29E32C24B67E00AC2AB9 /* Release */ = {
			isa = XCBuildConfiguration;
			buildSettings = {
				ALWAYS_EMBED_SWIFT_STANDARD_LIBRARIES = YES;
				BUNDLE_LOADER = "$(TEST_HOST)";
				CODE_SIGN_STYLE = Automatic;
				CURRENT_PROJECT_VERSION = 1;
				DEVELOPMENT_TEAM = 3CN8SADB4A;
				GENERATE_INFOPLIST_FILE = YES;
				IPHONEOS_DEPLOYMENT_TARGET = 17.5;
				MARKETING_VERSION = 1.0;
				PRODUCT_BUNDLE_IDENTIFIER = com.wygs.ToDoListTests;
				PRODUCT_NAME = "$(TARGET_NAME)";
				SWIFT_EMIT_LOC_STRINGS = NO;
				SWIFT_VERSION = 5.0;
				TARGETED_DEVICE_FAMILY = "1,2";
				TEST_HOST = "$(BUILT_PRODUCTS_DIR)/ToDoList.app/$(BUNDLE_EXECUTABLE_FOLDER_PATH)/ToDoList";
			};
			name = Release;
		};
		F4AE29E52C24B67E00AC2AB9 /* Debug */ = {
			isa = XCBuildConfiguration;
			buildSettings = {
				ALWAYS_EMBED_SWIFT_STANDARD_LIBRARIES = YES;
				CODE_SIGN_STYLE = Automatic;
				CURRENT_PROJECT_VERSION = 1;
				DEVELOPMENT_TEAM = 3CN8SADB4A;
				GENERATE_INFOPLIST_FILE = YES;
				MARKETING_VERSION = 1.0;
				PRODUCT_BUNDLE_IDENTIFIER = com.wygs.ToDoListUITests;
				PRODUCT_NAME = "$(TARGET_NAME)";
				SWIFT_EMIT_LOC_STRINGS = NO;
				SWIFT_VERSION = 5.0;
				TARGETED_DEVICE_FAMILY = "1,2";
				TEST_TARGET_NAME = ToDoList;
			};
			name = Debug;
		};
		F4AE29E62C24B67E00AC2AB9 /* Release */ = {
			isa = XCBuildConfiguration;
			buildSettings = {
				ALWAYS_EMBED_SWIFT_STANDARD_LIBRARIES = YES;
				CODE_SIGN_STYLE = Automatic;
				CURRENT_PROJECT_VERSION = 1;
				DEVELOPMENT_TEAM = 3CN8SADB4A;
				GENERATE_INFOPLIST_FILE = YES;
				MARKETING_VERSION = 1.0;
				PRODUCT_BUNDLE_IDENTIFIER = com.wygs.ToDoListUITests;
				PRODUCT_NAME = "$(TARGET_NAME)";
				SWIFT_EMIT_LOC_STRINGS = NO;
				SWIFT_VERSION = 5.0;
				TARGETED_DEVICE_FAMILY = "1,2";
				TEST_TARGET_NAME = ToDoList;
			};
			name = Release;
		};
/* End XCBuildConfiguration section */

/* Begin XCConfigurationList section */
		F4AE29B52C24B67C00AC2AB9 /* Build configuration list for PBXProject "ToDoList" */ = {
			isa = XCConfigurationList;
			buildConfigurations = (
				F4AE29DC2C24B67E00AC2AB9 /* Debug */,
				F4AE29DD2C24B67E00AC2AB9 /* Release */,
			);
			defaultConfigurationIsVisible = 0;
			defaultConfigurationName = Release;
		};
		F4AE29DE2C24B67E00AC2AB9 /* Build configuration list for PBXNativeTarget "ToDoList" */ = {
			isa = XCConfigurationList;
			buildConfigurations = (
				F4AE29DF2C24B67E00AC2AB9 /* Debug */,
				F4AE29E02C24B67E00AC2AB9 /* Release */,
			);
			defaultConfigurationIsVisible = 0;
			defaultConfigurationName = Release;
		};
		F4AE29E12C24B67E00AC2AB9 /* Build configuration list for PBXNativeTarget "ToDoListTests" */ = {
			isa = XCConfigurationList;
			buildConfigurations = (
				F4AE29E22C24B67E00AC2AB9 /* Debug */,
				F4AE29E32C24B67E00AC2AB9 /* Release */,
			);
			defaultConfigurationIsVisible = 0;
			defaultConfigurationName = Release;
		};
		F4AE29E42C24B67E00AC2AB9 /* Build configuration list for PBXNativeTarget "ToDoListUITests" */ = {
			isa = XCConfigurationList;
			buildConfigurations = (
				F4AE29E52C24B67E00AC2AB9 /* Debug */,
				F4AE29E62C24B67E00AC2AB9 /* Release */,
			);
			defaultConfigurationIsVisible = 0;
			defaultConfigurationName = Release;
		};
/* End XCConfigurationList section */

/* Begin XCRemoteSwiftPackageReference section */
		F4AE29EB2C24BA6F00AC2AB9 /* XCRemoteSwiftPackageReference "firebase-ios-sdk" */ = {
			isa = XCRemoteSwiftPackageReference;
			repositoryURL = "https://github.com/firebase/firebase-ios-sdk";
			requirement = {
				kind = upToNextMajorVersion;
				minimumVersion = 10.28.0;
			};
		};
/* End XCRemoteSwiftPackageReference section */

/* Begin XCSwiftPackageProductDependency section */
		F4AE29ED2C24BB1000AC2AB9 /* FirebaseAuth */ = {
			isa = XCSwiftPackageProductDependency;
			package = F4AE29EB2C24BA6F00AC2AB9 /* XCRemoteSwiftPackageReference "firebase-ios-sdk" */;
			productName = FirebaseAuth;
		};
		F4AE29EF2C24BB1900AC2AB9 /* FirebaseFirestore */ = {
			isa = XCSwiftPackageProductDependency;
			package = F4AE29EB2C24BA6F00AC2AB9 /* XCRemoteSwiftPackageReference "firebase-ios-sdk" */;
			productName = FirebaseFirestore;
		};
		F4AE29F12C24BB2B00AC2AB9 /* FirebaseFirestoreSwift */ = {
			isa = XCSwiftPackageProductDependency;
			package = F4AE29EB2C24BA6F00AC2AB9 /* XCRemoteSwiftPackageReference "firebase-ios-sdk" */;
			productName = FirebaseFirestoreSwift;
		};
/* End XCSwiftPackageProductDependency section */
	};
	rootObject = F4AE29B22C24B67C00AC2AB9 /* Project object */;
}
